
Microsoft Visual Studio Solution File, Format Version 12.00
# Visual Studio Version 16
VisualStudioVersion = 16.0.32002.261
MinimumVisualStudioVersion = 10.0.40219.1
Project("{888888A0-9F3D-457C-B088-3A5042F75D52}") = "snp-randomizer", "snp-randomizer\snp-randomizer.pyproj", "{BD2A31B8-37DF-4E41-8D3A-89634F231716}"
EndProject
Global
	GlobalSection(SolutionConfigurationPlatforms) = preSolution
		Debug|Any CPU = Debug|Any CPU
		Release|Any CPU = Release|Any CPU
	EndGlobalSection
	GlobalSection(ProjectConfigurationPlatforms) = postSolution
		{BD2A31B8-37DF-4E41-8D3A-89634F231716}.Debug|Any CPU.ActiveCfg = Debug|Any CPU
		{BD2A31B8-37DF-4E41-8D3A-89634F231716}.Release|Any CPU.ActiveCfg = Release|Any CPU
	EndGlobalSection
	GlobalSection(SolutionProperties) = preSolution
		HideSolutionNode = FALSE
	EndGlobalSection
	GlobalSection(ExtensibilityGlobals) = postSolution
		SolutionGuid = {BC4246D3-FFF6-40B3-8848-398EB725584F}
	EndGlobalSection
EndGlobal
